
Microsoft Visual Studio Solution File, Format Version 12.00
# Visual Studio Version 17
VisualStudioVersion = 17.4.33213.308
MinimumVisualStudioVersion = 10.0.40219.1
Project("{FAE04EC0-301F-11D3-BF4B-00C04F79EFBC}") = "SupplierRegistrationMinimalAPI", "SupplierRegistrationMinimalAPI\SupplierRegistrationMinimalAPI.csproj", "{CA67649A-0804-4752-AA49-2CFD9678B620}"
EndProject
Global
	GlobalSection(SolutionConfigurationPlatforms) = preSolution
		Debug|Any CPU = Debug|Any CPU
		Release|Any CPU = Release|Any CPU
	EndGlobalSection
	GlobalSection(ProjectConfigurationPlatforms) = postSolution
		{CA67649A-0804-4752-AA49-2CFD9678B620}.Debug|Any CPU.ActiveCfg = Debug|Any CPU
		{CA67649A-0804-4752-AA49-2CFD9678B620}.Debug|Any CPU.Build.0 = Debug|Any CPU
		{CA67649A-0804-4752-AA49-2CFD9678B620}.Release|Any CPU.ActiveCfg = Release|Any CPU
		{CA67649A-0804-4752-AA49-2CFD9678B620}.Release|Any CPU.Build.0 = Release|Any CPU
	EndGlobalSection
	GlobalSection(SolutionProperties) = preSolution
		HideSolutionNode = FALSE
	EndGlobalSection
	GlobalSection(ExtensibilityGlobals) = postSolution
		SolutionGuid = {37C46280-192A-4C71-B557-A5AFEFEFD938}
	EndGlobalSection
EndGlobal
